github.com/DavidMarsanic/gif-maker v0.0.0-20260819215508-6093ef7b3b6b h1:M5MHRTja4sic9N/dGBmJf+k2EuHjzZYt6fgdXgIPMO4=
github.com/DavidMarsanic/gif-maker v0.0.0-20260819215508-6093ef7b3b6b/go.mod h1:4i9YZc/X6GfI3O4c/hsvAxNHAWUFpiKHM1VwDb5gBf4=
github.com/DavidMarsanic/video-clipper v0.0.0-20260819215454-32d5a7aa9988 h1:5/JrpgM9UERQYu5UUlY4pIlvF4g54XXj/sE5o3OWiDw=
github.com/DavidMarsanic/video-clipper v0.0.0-20260819215454-32d5a7aa9988/go.mod h1:U0NZZrLakBxv8llOhlfcRnT+golnUmOGqL1VkwqbMVc=
